
Microsoft Visual Studio Solution File, Format Version 12.00
# Visual Studio Version 17
VisualStudioVersion = 17.9.34723.18
MinimumVisualStudioVersion = 10.0.40219.1
Project("{9A19103F-16F7-4668-BE54-9A1E7A4F7556}") = "1-FirstConsole", "1-FirstConsole\1-FirstConsole.csproj", "{F093E4F9-D041-4393-88F1-D3846BC96180}"
EndProject
Project("{9A19103F-16F7-4668-BE54-9A1E7A4F7556}") = "2-IfAndSwitchCase", "2-IfAndSwitchCase\2-IfAndSwitchCase.csproj", "{F0D8C569-03AC-4668-A50D-3C83C63AA5B5}"
EndProject
Project("{9A19103F-16F7-4668-BE54-9A1E7A4F7556}") = "3-TipDonusumleri", "TipDonusumleri\3-TipDonusumleri.csproj", "{D4736051-8C94-40DD-BF44-AA7F48D19A29}"
EndProject
Project("{FAE04EC0-301F-11D3-BF4B-00C04F79EFBC}") = "4-ifAtYarisi", "4-ifAtYarisi\4-ifAtYarisi.csproj", "{38D53FBC-DAB8-4078-BFB8-0A63A2A16CFB}"
EndProject
Project("{FAE04EC0-301F-11D3-BF4B-00C04F79EFBC}") = "5-IfElseLab", "5-IfElseLab\5-IfElseLab.csproj", "{D6C11E7B-0C23-4AB7-AB8F-E6F57DCD632B}"
EndProject
Project("{9A19103F-16F7-4668-BE54-9A1E7A4F7556}") = "6-Try-Catch", "6-Try-Catch\6-Try-Catch.csproj", "{955F74E0-41BE-489D-BE16-12B207C3996D}"
EndProject
Project("{9A19103F-16F7-4668-BE54-9A1E7A4F7556}") = "7-DongulerDoWhile", "DongulerDoWhile\7-DongulerDoWhile.csproj", "{27562BD2-0E77-4619-8FD3-B2BC829F6023}"
EndProject
Project("{FAE04EC0-301F-11D3-BF4B-00C04F79EFBC}") = "8-ForDongusu", "8-ForDongusu\8-ForDongusu.csproj", "{415CB7AC-1A61-42C9-97F1-BC4ABC28CFE0}"
EndProject
Project("{FAE04EC0-301F-11D3-BF4B-00C04F79EFBC}") = "9-OdevCozumleri", "9-OdevCozumleri\9-OdevCozumleri.csproj", "{730B8B7C-9FDE-417A-BE83-257517B4C058}"
EndProject
Project("{FAE04EC0-301F-11D3-BF4B-00C04F79EFBC}") = "10-Diziler", "10-Diziler\10-Diziler.csproj", "{1D02068E-D9A6-47C1-8145-F148EE1DABB1}"
EndProject
Project("{FAE04EC0-301F-11D3-BF4B-00C04F79EFBC}") = "11-DiziOrnekler", "11-DiziOrnekler\11-DiziOrnekler.csproj", "{673D1FFB-A06E-4628-8BD3-5C100E71D9B3}"
EndProject
Global
	GlobalSection(SolutionConfigurationPlatforms) = preSolution
		Debug|Any CPU = Debug|Any CPU
		Release|Any CPU = Release|Any CPU
	EndGlobalSection
	GlobalSection(ProjectConfigurationPlatforms) = postSolution
		{F093E4F9-D041-4393-88F1-D3846BC96180}.Debug|Any CPU.ActiveCfg = Debug|Any CPU
		{F093E4F9-D041-4393-88F1-D3846BC96180}.Debug|Any CPU.Build.0 = Debug|Any CPU
		{F093E4F9-D041-4393-88F1-D3846BC96180}.Release|Any CPU.ActiveCfg = Release|Any CPU
		{F093E4F9-D041-4393-88F1-D3846BC96180}.Release|Any CPU.Build.0 = Release|Any CPU
		{F0D8C569-03AC-4668-A50D-3C83C63AA5B5}.Debug|Any CPU.ActiveCfg = Debug|Any CPU
		{F0D8C569-03AC-4668-A50D-3C83C63AA5B5}.Debug|Any CPU.Build.0 = Debug|Any CPU
		{F0D8C569-03AC-4668-A50D-3C83C63AA5B5}.Release|Any CPU.ActiveCfg = Release|Any CPU
		{F0D8C569-03AC-4668-A50D-3C83C63AA5B5}.Release|Any CPU.Build.0 = Release|Any CPU
		{D4736051-8C94-40DD-BF44-AA7F48D19A29}.Debug|Any CPU.ActiveCfg = Debug|Any CPU
		{D4736051-8C94-40DD-BF44-AA7F48D19A29}.Debug|Any CPU.Build.0 = Debug|Any CPU
		{D4736051-8C94-40DD-BF44-AA7F48D19A29}.Release|Any CPU.ActiveCfg = Release|Any CPU
		{D4736051-8C94-40DD-BF44-AA7F48D19A29}.Release|Any CPU.Build.0 = Release|Any CPU
		{38D53FBC-DAB8-4078-BFB8-0A63A2A16CFB}.Debug|Any CPU.ActiveCfg = Debug|Any CPU
		{38D53FBC-DAB8-4078-BFB8-0A63A2A16CFB}.Debug|Any CPU.Build.0 = Debug|Any CPU
		{38D53FBC-DAB8-4078-BFB8-0A63A2A16CFB}.Release|Any CPU.ActiveCfg = Release|Any CPU
		{38D53FBC-DAB8-4078-BFB8-0A63A2A16CFB}.Release|Any CPU.Build.0 = Release|Any CPU
		{D6C11E7B-0C23-4AB7-AB8F-E6F57DCD632B}.Debug|Any CPU.ActiveCfg = Debug|Any CPU
		{D6C11E7B-0C23-4AB7-AB8F-E6F57DCD632B}.Debug|Any CPU.Build.0 = Debug|Any CPU
		{D6C11E7B-0C23-4AB7-AB8F-E6F57DCD632B}.Release|Any CPU.ActiveCfg = Release|Any CPU
		{D6C11E7B-0C23-4AB7-AB8F-E6F57DCD632B}.Release|Any CPU.Build.0 = Release|Any CPU
		{955F74E0-41BE-489D-BE16-12B207C3996D}.Debug|Any CPU.ActiveCfg = Debug|Any CPU
		{955F74E0-41BE-489D-BE16-12B207C3996D}.Debug|Any CPU.Build.0 = Debug|Any CPU
		{955F74E0-41BE-489D-BE16-12B207C3996D}.Release|Any CPU.ActiveCfg = Release|Any CPU
		{955F74E0-41BE-489D-BE16-12B207C3996D}.Release|Any CPU.Build.0 = Release|Any CPU
		{27562BD2-0E77-4619-8FD3-B2BC829F6023}.Debug|Any CPU.ActiveCfg = Debug|Any CPU
		{27562BD2-0E77-4619-8FD3-B2BC829F6023}.Debug|Any CPU.Build.0 = Debug|Any CPU
		{27562BD2-0E77-4619-8FD3-B2BC829F6023}.Release|Any CPU.ActiveCfg = Release|Any CPU
		{27562BD2-0E77-4619-8FD3-B2BC829F6023}.Release|Any CPU.Build.0 = Release|Any CPU
		{415CB7AC-1A61-42C9-97F1-BC4ABC28CFE0}.Debug|Any CPU.ActiveCfg = Debug|Any CPU
		{415CB7AC-1A61-42C9-97F1-BC4ABC28CFE0}.Debug|Any CPU.Build.0 = Debug|Any CPU
		{415CB7AC-1A61-42C9-97F1-BC4ABC28CFE0}.Release|Any CPU.ActiveCfg = Release|Any CPU
		{415CB7AC-1A61-42C9-97F1-BC4ABC28CFE0}.Release|Any CPU.Build.0 = Release|Any CPU
		{730B8B7C-9FDE-417A-BE83-257517B4C058}.Debug|Any CPU.ActiveCfg = Debug|Any CPU
		{730B8B7C-9FDE-417A-BE83-257517B4C058}.Debug|Any CPU.Build.0 = Debug|Any CPU
		{730B8B7C-9FDE-417A-BE83-257517B4C058}.Release|Any CPU.ActiveCfg = Release|Any CPU
		{730B8B7C-9FDE-417A-BE83-257517B4C058}.Release|Any CPU.Build.0 = Release|Any CPU
		{1D02068E-D9A6-47C1-8145-F148EE1DABB1}.Debug|Any CPU.ActiveCfg = Debug|Any CPU
		{1D02068E-D9A6-47C1-8145-F148EE1DABB1}.Debug|Any CPU.Build.0 = Debug|Any CPU
		{1D02068E-D9A6-47C1-8145-F148EE1DABB1}.Release|Any CPU.ActiveCfg = Release|Any CPU
		{1D02068E-D9A6-47C1-8145-F148EE1DABB1}.Release|Any CPU.Build.0 = Release|Any CPU
		{673D1FFB-A06E-4628-8BD3-5C100E71D9B3}.Debug|Any CPU.ActiveCfg = Debug|Any CPU
		{673D1FFB-A06E-4628-8BD3-5C100E71D9B3}.Debug|Any CPU.Build.0 = Debug|Any CPU
		{673D1FFB-A06E-4628-8BD3-5C100E71D9B3}.Release|Any CPU.ActiveCfg = Release|Any CPU
		{673D1FFB-A06E-4628-8BD3-5C100E71D9B3}.Release|Any CPU.Build.0 = Release|Any CPU
	EndGlobalSection
	GlobalSection(SolutionProperties) = preSolution
		HideSolutionNode = FALSE
	EndGlobalSection
	GlobalSection(ExtensibilityGlobals) = postSolution
		SolutionGuid = {4672BCE0-DE5E-45CE-B1FA-1937E9B0270E}
	EndGlobalSection
EndGlobal
