
Microsoft Visual Studio Solution File, Format Version 12.00
# Visual Studio Version 17
VisualStudioVersion = 17.9.34723.18
MinimumVisualStudioVersion = 10.0.40219.1
Project("{9A19103F-16F7-4668-BE54-9A1E7A4F7556}") = "1-FirstConsole", "1-FirstConsole\1-FirstConsole.csproj", "{F093E4F9-D041-4393-88F1-D3846BC96180}"
EndProject
Project("{9A19103F-16F7-4668-BE54-9A1E7A4F7556}") = "2-IfAndSwitchCase", "2-IfAndSwitchCase\2-IfAndSwitchCase.csproj", "{F0D8C569-03AC-4668-A50D-3C83C63AA5B5}"
EndProject
Project("{9A19103F-16F7-4668-BE54-9A1E7A4F7556}") = "3-TipDonusumleri", "TipDonusumleri\3-TipDonusumleri.csproj", "{D4736051-8C94-40DD-BF44-AA7F48D19A29}"
EndProject
Project("{FAE04EC0-301F-11D3-BF4B-00C04F79EFBC}") = "4-ifAtYarisi", "4-ifAtYarisi\4-ifAtYarisi.csproj", "{38D53FBC-DAB8-4078-BFB8-0A63A2A16CFB}"
EndProject
Project("{FAE04EC0-301F-11D3-BF4B-00C04F79EFBC}") = "5-IfElseLab", "5-IfElseLab\5-IfElseLab.csproj", "{D6C11E7B-0C23-4AB7-AB8F-E6F57DCD632B}"
EndProject
Project("{9A19103F-16F7-4668-BE54-9A1E7A4F7556}") = "6-Try-Catch", "6-Try-Catch\6-Try-Catch.csproj", "{955F74E0-41BE-489D-BE16-12B207C3996D}"
EndProject
Project("{9A19103F-16F7-4668-BE54-9A1E7A4F7556}") = "7-DongulerDoWhile", "DongulerDoWhile\7-DongulerDoWhile.csproj", "{27562BD2-0E77-4619-8FD3-B2BC829F6023}"
EndProject
Project("{9A19103F-16F7-4668-BE54-9A1E7A4F7556}") = "8-ForDongusu", "8-ForDongusu\8-ForDongusu.csproj", "{415CB7AC-1A61-42C9-97F1-BC4ABC28CFE0}"
EndProject
Project("{9A19103F-16F7-4668-BE54-9A1E7A4F7556}") = "9-OdevCozumleri", "9-OdevCozumleri\9-OdevCozumleri.csproj", "{730B8B7C-9FDE-417A-BE83-257517B4C058}"
EndProject
Project("{9A19103F-16F7-4668-BE54-9A1E7A4F7556}") = "10-Diziler", "10-Diziler\10-Diziler.csproj", "{1D02068E-D9A6-47C1-8145-F148EE1DABB1}"
EndProject
Project("{9A19103F-16F7-4668-BE54-9A1E7A4F7556}") = "11-DiziOrnekler", "11-DiziOrnekler\11-DiziOrnekler.csproj", "{673D1FFB-A06E-4628-8BD3-5C100E71D9B3}"
EndProject
Project("{9A19103F-16F7-4668-BE54-9A1E7A4F7556}") = "13-ArraySinifiVeListeler", "13-ArraySinifiVeListeler\13-ArraySinifiVeListeler.csproj", "{C8BB2BC5-520A-425B-B5D1-60D560AB38D8}"
EndProject
Project("{9A19103F-16F7-4668-BE54-9A1E7A4F7556}") = "14-ListelerLab", "14-ListelerLab\14-ListelerLab.csproj", "{97747E96-DBC5-4454-888A-56B69E30A77A}"
EndProject
Project("{9A19103F-16F7-4668-BE54-9A1E7A4F7556}") = "15-HazirMetodlar", "15-HazirMetodlar\15-HazirMetodlar.csproj", "{171A81AC-E7A1-4B3B-B487-F823E7F8BDEE}"
EndProject
Project("{9A19103F-16F7-4668-BE54-9A1E7A4F7556}") = "16-FileIslemleri", "16-FileIslemleri\16-FileIslemleri.csproj", "{8E0839DF-E010-4CBB-BA83-C15676D97EB6}"
EndProject
Project("{9A19103F-16F7-4668-BE54-9A1E7A4F7556}") = "17-FileIslemleriLab", "17-FileIslemleriLab\17-FileIslemleriLab.csproj", "{87B09BB9-4662-4FBF-B236-3C723AB37840}"
EndProject
Project("{FAE04EC0-301F-11D3-BF4B-00C04F79EFBC}") = "18-Metodlar", "18-Metodlar\18-Metodlar.csproj", "{5F6A2291-FD8D-481C-A771-140098F91CBB}"
EndProject
Project("{FAE04EC0-301F-11D3-BF4B-00C04F79EFBC}") = "19-RefOut", "19-RefOut\19-RefOut.csproj", "{2C202E68-ABF3-4CF0-BC30-48ED95D6C26F}"
EndProject
Project("{FAE04EC0-301F-11D3-BF4B-00C04F79EFBC}") = "19-MetodlarLab", "19-MetodlarLab\19-MetodlarLab.csproj", "{B7BE89A3-B211-4845-BA75-0C84F927918B}"
EndProject
Project("{FAE04EC0-301F-11D3-BF4B-00C04F79EFBC}") = "20-MyLibrary", "20-MyLibrary\20-MyLibrary.csproj", "{B859E5D7-9C6D-45CD-AC52-873F547C8F8B}"
EndProject
Project("{FAE04EC0-301F-11D3-BF4B-00C04F79EFBC}") = "21-LibraryKullanma", "21-LibraryKullanma\21-LibraryKullanma.csproj", "{422A6A4D-5758-4662-AAD5-702144493D5D}"
EndProject
Project("{FAE04EC0-301F-11D3-BF4B-00C04F79EFBC}") = "22-SystemIO", "22-SystemIO\22-SystemIO.csproj", "{6B9F196A-CAFC-44DD-8724-7630F3C62548}"
EndProject
Project("{FAE04EC0-301F-11D3-BF4B-00C04F79EFBC}") = "23-VeriGirisEkrani", "23-VeriGirisEkrani\23-VeriGirisEkrani.csproj", "{DCA68781-614E-4763-A487-3B4BD8DB7039}"
EndProject
Global
	GlobalSection(SolutionConfigurationPlatforms) = preSolution
		Debug|Any CPU = Debug|Any CPU
		Release|Any CPU = Release|Any CPU
	EndGlobalSection
	GlobalSection(ProjectConfigurationPlatforms) = postSolution
		{F093E4F9-D041-4393-88F1-D3846BC96180}.Debug|Any CPU.ActiveCfg = Debug|Any CPU
		{F093E4F9-D041-4393-88F1-D3846BC96180}.Debug|Any CPU.Build.0 = Debug|Any CPU
		{F093E4F9-D041-4393-88F1-D3846BC96180}.Release|Any CPU.ActiveCfg = Release|Any CPU
		{F093E4F9-D041-4393-88F1-D3846BC96180}.Release|Any CPU.Build.0 = Release|Any CPU
		{F0D8C569-03AC-4668-A50D-3C83C63AA5B5}.Debug|Any CPU.ActiveCfg = Debug|Any CPU
		{F0D8C569-03AC-4668-A50D-3C83C63AA5B5}.Debug|Any CPU.Build.0 = Debug|Any CPU
		{F0D8C569-03AC-4668-A50D-3C83C63AA5B5}.Release|Any CPU.ActiveCfg = Release|Any CPU
		{F0D8C569-03AC-4668-A50D-3C83C63AA5B5}.Release|Any CPU.Build.0 = Release|Any CPU
		{D4736051-8C94-40DD-BF44-AA7F48D19A29}.Debug|Any CPU.ActiveCfg = Debug|Any CPU
		{D4736051-8C94-40DD-BF44-AA7F48D19A29}.Debug|Any CPU.Build.0 = Debug|Any CPU
		{D4736051-8C94-40DD-BF44-AA7F48D19A29}.Release|Any CPU.ActiveCfg = Release|Any CPU
		{D4736051-8C94-40DD-BF44-AA7F48D19A29}.Release|Any CPU.Build.0 = Release|Any CPU
		{38D53FBC-DAB8-4078-BFB8-0A63A2A16CFB}.Debug|Any CPU.ActiveCfg = Debug|Any CPU
		{38D53FBC-DAB8-4078-BFB8-0A63A2A16CFB}.Debug|Any CPU.Build.0 = Debug|Any CPU
		{38D53FBC-DAB8-4078-BFB8-0A63A2A16CFB}.Release|Any CPU.ActiveCfg = Release|Any CPU
		{38D53FBC-DAB8-4078-BFB8-0A63A2A16CFB}.Release|Any CPU.Build.0 = Release|Any CPU
		{D6C11E7B-0C23-4AB7-AB8F-E6F57DCD632B}.Debug|Any CPU.ActiveCfg = Debug|Any CPU
		{D6C11E7B-0C23-4AB7-AB8F-E6F57DCD632B}.Debug|Any CPU.Build.0 = Debug|Any CPU
		{D6C11E7B-0C23-4AB7-AB8F-E6F57DCD632B}.Release|Any CPU.ActiveCfg = Release|Any CPU
		{D6C11E7B-0C23-4AB7-AB8F-E6F57DCD632B}.Release|Any CPU.Build.0 = Release|Any CPU
		{955F74E0-41BE-489D-BE16-12B207C3996D}.Debug|Any CPU.ActiveCfg = Debug|Any CPU
		{955F74E0-41BE-489D-BE16-12B207C3996D}.Debug|Any CPU.Build.0 = Debug|Any CPU
		{955F74E0-41BE-489D-BE16-12B207C3996D}.Release|Any CPU.ActiveCfg = Release|Any CPU
		{955F74E0-41BE-489D-BE16-12B207C3996D}.Release|Any CPU.Build.0 = Release|Any CPU
		{27562BD2-0E77-4619-8FD3-B2BC829F6023}.Debug|Any CPU.ActiveCfg = Debug|Any CPU
		{27562BD2-0E77-4619-8FD3-B2BC829F6023}.Debug|Any CPU.Build.0 = Debug|Any CPU
		{27562BD2-0E77-4619-8FD3-B2BC829F6023}.Release|Any CPU.ActiveCfg = Release|Any CPU
		{27562BD2-0E77-4619-8FD3-B2BC829F6023}.Release|Any CPU.Build.0 = Release|Any CPU
		{415CB7AC-1A61-42C9-97F1-BC4ABC28CFE0}.Debug|Any CPU.ActiveCfg = Debug|Any CPU
		{415CB7AC-1A61-42C9-97F1-BC4ABC28CFE0}.Debug|Any CPU.Build.0 = Debug|Any CPU
		{415CB7AC-1A61-42C9-97F1-BC4ABC28CFE0}.Release|Any CPU.ActiveCfg = Release|Any CPU
		{415CB7AC-1A61-42C9-97F1-BC4ABC28CFE0}.Release|Any CPU.Build.0 = Release|Any CPU
		{730B8B7C-9FDE-417A-BE83-257517B4C058}.Debug|Any CPU.ActiveCfg = Debug|Any CPU
		{730B8B7C-9FDE-417A-BE83-257517B4C058}.Debug|Any CPU.Build.0 = Debug|Any CPU
		{730B8B7C-9FDE-417A-BE83-257517B4C058}.Release|Any CPU.ActiveCfg = Release|Any CPU
		{730B8B7C-9FDE-417A-BE83-257517B4C058}.Release|Any CPU.Build.0 = Release|Any CPU
		{1D02068E-D9A6-47C1-8145-F148EE1DABB1}.Debug|Any CPU.ActiveCfg = Debug|Any CPU
		{1D02068E-D9A6-47C1-8145-F148EE1DABB1}.Debug|Any CPU.Build.0 = Debug|Any CPU
		{1D02068E-D9A6-47C1-8145-F148EE1DABB1}.Release|Any CPU.ActiveCfg = Release|Any CPU
		{1D02068E-D9A6-47C1-8145-F148EE1DABB1}.Release|Any CPU.Build.0 = Release|Any CPU
		{673D1FFB-A06E-4628-8BD3-5C100E71D9B3}.Debug|Any CPU.ActiveCfg = Debug|Any CPU
		{673D1FFB-A06E-4628-8BD3-5C100E71D9B3}.Debug|Any CPU.Build.0 = Debug|Any CPU
		{673D1FFB-A06E-4628-8BD3-5C100E71D9B3}.Release|Any CPU.ActiveCfg = Release|Any CPU
		{673D1FFB-A06E-4628-8BD3-5C100E71D9B3}.Release|Any CPU.Build.0 = Release|Any CPU
		{C8BB2BC5-520A-425B-B5D1-60D560AB38D8}.Debug|Any CPU.ActiveCfg = Debug|Any CPU
		{C8BB2BC5-520A-425B-B5D1-60D560AB38D8}.Debug|Any CPU.Build.0 = Debug|Any CPU
		{C8BB2BC5-520A-425B-B5D1-60D560AB38D8}.Release|Any CPU.ActiveCfg = Release|Any CPU
		{C8BB2BC5-520A-425B-B5D1-60D560AB38D8}.Release|Any CPU.Build.0 = Release|Any CPU
		{97747E96-DBC5-4454-888A-56B69E30A77A}.Debug|Any CPU.ActiveCfg = Debug|Any CPU
		{97747E96-DBC5-4454-888A-56B69E30A77A}.Debug|Any CPU.Build.0 = Debug|Any CPU
		{97747E96-DBC5-4454-888A-56B69E30A77A}.Release|Any CPU.ActiveCfg = Release|Any CPU
		{97747E96-DBC5-4454-888A-56B69E30A77A}.Release|Any CPU.Build.0 = Release|Any CPU
		{171A81AC-E7A1-4B3B-B487-F823E7F8BDEE}.Debug|Any CPU.ActiveCfg = Debug|Any CPU
		{171A81AC-E7A1-4B3B-B487-F823E7F8BDEE}.Debug|Any CPU.Build.0 = Debug|Any CPU
		{171A81AC-E7A1-4B3B-B487-F823E7F8BDEE}.Release|Any CPU.ActiveCfg = Release|Any CPU
		{171A81AC-E7A1-4B3B-B487-F823E7F8BDEE}.Release|Any CPU.Build.0 = Release|Any CPU
		{8E0839DF-E010-4CBB-BA83-C15676D97EB6}.Debug|Any CPU.ActiveCfg = Debug|Any CPU
		{8E0839DF-E010-4CBB-BA83-C15676D97EB6}.Debug|Any CPU.Build.0 = Debug|Any CPU
		{8E0839DF-E010-4CBB-BA83-C15676D97EB6}.Release|Any CPU.ActiveCfg = Release|Any CPU
		{8E0839DF-E010-4CBB-BA83-C15676D97EB6}.Release|Any CPU.Build.0 = Release|Any CPU
		{87B09BB9-4662-4FBF-B236-3C723AB37840}.Debug|Any CPU.ActiveCfg = Debug|Any CPU
		{87B09BB9-4662-4FBF-B236-3C723AB37840}.Debug|Any CPU.Build.0 = Debug|Any CPU
		{87B09BB9-4662-4FBF-B236-3C723AB37840}.Release|Any CPU.ActiveCfg = Release|Any CPU
		{87B09BB9-4662-4FBF-B236-3C723AB37840}.Release|Any CPU.Build.0 = Release|Any CPU
		{5F6A2291-FD8D-481C-A771-140098F91CBB}.Debug|Any CPU.ActiveCfg = Debug|Any CPU
		{5F6A2291-FD8D-481C-A771-140098F91CBB}.Debug|Any CPU.Build.0 = Debug|Any CPU
		{5F6A2291-FD8D-481C-A771-140098F91CBB}.Release|Any CPU.ActiveCfg = Release|Any CPU
		{5F6A2291-FD8D-481C-A771-140098F91CBB}.Release|Any CPU.Build.0 = Release|Any CPU
		{2C202E68-ABF3-4CF0-BC30-48ED95D6C26F}.Debug|Any CPU.ActiveCfg = Debug|Any CPU
		{2C202E68-ABF3-4CF0-BC30-48ED95D6C26F}.Debug|Any CPU.Build.0 = Debug|Any CPU
		{2C202E68-ABF3-4CF0-BC30-48ED95D6C26F}.Release|Any CPU.ActiveCfg = Release|Any CPU
		{2C202E68-ABF3-4CF0-BC30-48ED95D6C26F}.Release|Any CPU.Build.0 = Release|Any CPU
		{B7BE89A3-B211-4845-BA75-0C84F927918B}.Debug|Any CPU.ActiveCfg = Debug|Any CPU
		{B7BE89A3-B211-4845-BA75-0C84F927918B}.Debug|Any CPU.Build.0 = Debug|Any CPU
		{B7BE89A3-B211-4845-BA75-0C84F927918B}.Release|Any CPU.ActiveCfg = Release|Any CPU
		{B7BE89A3-B211-4845-BA75-0C84F927918B}.Release|Any CPU.Build.0 = Release|Any CPU
		{B859E5D7-9C6D-45CD-AC52-873F547C8F8B}.Debug|Any CPU.ActiveCfg = Debug|Any CPU
		{B859E5D7-9C6D-45CD-AC52-873F547C8F8B}.Debug|Any CPU.Build.0 = Debug|Any CPU
		{B859E5D7-9C6D-45CD-AC52-873F547C8F8B}.Release|Any CPU.ActiveCfg = Release|Any CPU
		{B859E5D7-9C6D-45CD-AC52-873F547C8F8B}.Release|Any CPU.Build.0 = Release|Any CPU
		{422A6A4D-5758-4662-AAD5-702144493D5D}.Debug|Any CPU.ActiveCfg = Debug|Any CPU
		{422A6A4D-5758-4662-AAD5-702144493D5D}.Debug|Any CPU.Build.0 = Debug|Any CPU
		{422A6A4D-5758-4662-AAD5-702144493D5D}.Release|Any CPU.ActiveCfg = Release|Any CPU
		{422A6A4D-5758-4662-AAD5-702144493D5D}.Release|Any CPU.Build.0 = Release|Any CPU
		{6B9F196A-CAFC-44DD-8724-7630F3C62548}.Debug|Any CPU.ActiveCfg = Debug|Any CPU
		{6B9F196A-CAFC-44DD-8724-7630F3C62548}.Debug|Any CPU.Build.0 = Debug|Any CPU
		{6B9F196A-CAFC-44DD-8724-7630F3C62548}.Release|Any CPU.ActiveCfg = Release|Any CPU
		{6B9F196A-CAFC-44DD-8724-7630F3C62548}.Release|Any CPU.Build.0 = Release|Any CPU
		{DCA68781-614E-4763-A487-3B4BD8DB7039}.Debug|Any CPU.ActiveCfg = Debug|Any CPU
		{DCA68781-614E-4763-A487-3B4BD8DB7039}.Debug|Any CPU.Build.0 = Debug|Any CPU
		{DCA68781-614E-4763-A487-3B4BD8DB7039}.Release|Any CPU.ActiveCfg = Release|Any CPU
		{DCA68781-614E-4763-A487-3B4BD8DB7039}.Release|Any CPU.Build.0 = Release|Any CPU
	EndGlobalSection
	GlobalSection(SolutionProperties) = preSolution
		HideSolutionNode = FALSE
	EndGlobalSection
	GlobalSection(ExtensibilityGlobals) = postSolution
		SolutionGuid = {4672BCE0-DE5E-45CE-B1FA-1937E9B0270E}
	EndGlobalSection
EndGlobal
